
Microsoft Visual Studio Solution File, Format Version 12.00
# Visual Studio 15
VisualStudioVersion = 15.0.27703.2042
MinimumVisualStudioVersion = 10.0.40219.1
Project("{FAE04EC0-301F-11D3-BF4B-00C04F79EFBC}") = "AppConsultaCorreios", "AppConsultaCorreios\AppConsultaCorreios.csproj", "{291827AD-CF2C-4AE3-A7C6-C6CA6C2F11DD}"
EndProject
Global
	GlobalSection(SolutionConfigurationPlatforms) = preSolution
		Debug|Any CPU = Debug|Any CPU
		Release|Any CPU = Release|Any CPU
	EndGlobalSection
	GlobalSection(ProjectConfigurationPlatforms) = postSolution
		{291827AD-CF2C-4AE3-A7C6-C6CA6C2F11DD}.Debug|Any CPU.ActiveCfg = Debug|Any CPU
		{291827AD-CF2C-4AE3-A7C6-C6CA6C2F11DD}.Debug|Any CPU.Build.0 = Debug|Any CPU
		{291827AD-CF2C-4AE3-A7C6-C6CA6C2F11DD}.Release|Any CPU.ActiveCfg = Release|Any CPU
		{291827AD-CF2C-4AE3-A7C6-C6CA6C2F11DD}.Release|Any CPU.Build.0 = Release|Any CPU
	EndGlobalSection
	GlobalSection(SolutionProperties) = preSolution
		HideSolutionNode = FALSE
	EndGlobalSection
	GlobalSection(ExtensibilityGlobals) = postSolution
		SolutionGuid = {AB6DD50C-85A2-4E6C-8C87-25E631D8B6F4}
	EndGlobalSection
EndGlobal
